// !$*UTF8*$!
{
	archiveVersion = 1;
	classes = {
	};
	objectVersion = 48;
	objects = {

/* Begin PBXBuildFile section */
		F900ECC320088BDF00BED8C3 /* AppDelegate.m in Sources */ = {isa = PBXBuildFile; fileRef = F900ECC220088BDF00BED8C3 /* AppDelegate.m */; };
		F900ECC620088BDF00BED8C3 /* ViewController.m in Sources */ = {isa = PBXBuildFile; fileRef = F900ECC520088BDF00BED8C3 /* ViewController.m */; };
		F900ECC920088BDF00BED8C3 /* Main.storyboard in Resources */ = {isa = PBXBuildFile; fileRef = F900ECC720088BDF00BED8C3 /* Main.storyboard */; };
		F900ECCB20088BDF00BED8C3 /* Assets.xcassets in Resources */ = {isa = PBXBuildFile; fileRef = F900ECCA20088BDF00BED8C3 /* Assets.xcassets */; };
		F900ECCE20088BDF00BED8C3 /* LaunchScreen.storyboard in Resources */ = {isa = PBXBuildFile; fileRef = F900ECCC20088BDF00BED8C3 /* LaunchScreen.storyboard */; };
		F900ECD120088BDF00BED8C3 /* main.m in Sources */ = {isa = PBXBuildFile; fileRef = F900ECD020088BDF00BED8C3 /* main.m */; };
		F900ECD920088D3B00BED8C3 /* XYContainerView.m in Sources */ = {isa = PBXBuildFile; fileRef = F900ECD820088D3B00BED8C3 /* XYContainerView.m */; };
		F900ED0E20089BEB00BED8C3 /* CALayer+SHAddition.m in Sources */ = {isa = PBXBuildFile; fileRef = F900ECF620089BEB00BED8C3 /* CALayer+SHAddition.m */; };
		F900ED0F20089BEB00BED8C3 /* NSDataAdditions.m in Sources */ = {isa = PBXBuildFile; fileRef = F900ECF820089BEB00BED8C3 /* NSDataAdditions.m */; };
		F900ED1020089BEB00BED8C3 /* NSDateAdditions.m in Sources */ = {isa = PBXBuildFile; fileRef = F900ECFA20089BEB00BED8C3 /* NSDateAdditions.m */; };
		F900ED1120089BEB00BED8C3 /* NSNumberFormatter+XXCurrency.m in Sources */ = {isa = PBXBuildFile; fileRef = F900ECFC20089BEB00BED8C3 /* NSNumberFormatter+XXCurrency.m */; };
		F900ED1220089BEB00BED8C3 /* NSStringAdditions.m in Sources */ = {isa = PBXBuildFile; fileRef = F900ECFE20089BEB00BED8C3 /* NSStringAdditions.m */; };
		F900ED1320089BEB00BED8C3 /* Three20.bundle in Resources */ = {isa = PBXBuildFile; fileRef = F900ECFF20089BEB00BED8C3 /* Three20.bundle */; };
		F900ED1420089BEB00BED8C3 /* TTGlobalCoreLocale.m in Sources */ = {isa = PBXBuildFile; fileRef = F900ED0320089BEB00BED8C3 /* TTGlobalCoreLocale.m */; };
		F900ED1520089BEB00BED8C3 /* TTGlobalUICommon.m in Sources */ = {isa = PBXBuildFile; fileRef = F900ED0520089BEB00BED8C3 /* TTGlobalUICommon.m */; };
		F900ED1620089BEB00BED8C3 /* UIFontAdditions.m in Sources */ = {isa = PBXBuildFile; fileRef = F900ED0720089BEB00BED8C3 /* UIFontAdditions.m */; };
		F900ED1720089BEB00BED8C3 /* UIImageAdditions.m in Sources */ = {isa = PBXBuildFile; fileRef = F900ED0920089BEB00BED8C3 /* UIImageAdditions.m */; };
		F900ED1820089BEB00BED8C3 /* UIViewAdditions.m in Sources */ = {isa = PBXBuildFile; fileRef = F900ED0B20089BEB00BED8C3 /* UIViewAdditions.m */; };
		F900ED1920089BEB00BED8C3 /* UIWindowAdditions.m in Sources */ = {isa = PBXBuildFile; fileRef = F900ED0D20089BEB00BED8C3 /* UIWindowAdditions.m */; };
		F900ED212008C3BA00BED8C3 /* XXContainerView.m in Sources */ = {isa = PBXBuildFile; fileRef = F900ED202008C3BA00BED8C3 /* XXContainerView.m */; };
		F900ED242008C40C00BED8C3 /* XXContainerBottomScrollView.m in Sources */ = {isa = PBXBuildFile; fileRef = F900ED232008C40C00BED8C3 /* XXContainerBottomScrollView.m */; };
/* End PBXBuildFile section */

/* Begin PBXFileReference section */
		F900ECBE20088BDF00BED8C3 /* XYContainerView.app */ = {isa = PBXFileReference; explicitFileType = wrapper.application; includeInIndex = 0; path = XYContainerView.app; sourceTree = BUILT_PRODUCTS_DIR; };
		F900ECC120088BDF00BED8C3 /* AppDelegate.h */ = {isa = PBXFileReference; lastKnownFileType = sourcecode.c.h; path = AppDelegate.h; sourceTree = "<group>"; };
		F900ECC220088BDF00BED8C3 /* AppDelegate.m */ = {isa = PBXFileReference; lastKnownFileType = sourcecode.c.objc; path = AppDelegate.m; sourceTree = "<group>"; };
		F900ECC420088BDF00BED8C3 /* ViewController.h */ = {isa = PBXFileReference; lastKnownFileType = sourcecode.c.h; path = ViewController.h; sourceTree = "<group>"; };
		F900ECC520088BDF00BED8C3 /* ViewController.m */ = {isa = PBXFileReference; lastKnownFileType = sourcecode.c.objc; path = ViewController.m; sourceTree = "<group>"; };
		F900ECC820088BDF00BED8C3 /* Base */ = {isa = PBXFileReference; lastKnownFileType = file.storyboard; name = Base; path = Base.lproj/Main.storyboard; sourceTree = "<group>"; };
		F900ECCA20088BDF00BED8C3 /* Assets.xcassets */ = {isa = PBXFileReference; lastKnownFileType = folder.assetcatalog; path = Assets.xcassets; sourceTree = "<group>"; };
		F900ECCD20088BDF00BED8C3 /* Base */ = {isa = PBXFileReference; lastKnownFileType = file.storyboard; name = Base; path = Base.lproj/LaunchScreen.storyboard; sourceTree = "<group>"; };
		F900ECCF20088BDF00BED8C3 /* Info.plist */ = {isa = PBXFileReference; lastKnownFileType = text.plist.xml; path = Info.plist; sourceTree = "<group>"; };
		F900ECD020088BDF00BED8C3 /* main.m */ = {isa = PBXFileReference; lastKnownFileType = sourcecode.c.objc; path = main.m; sourceTree = "<group>"; };
		F900ECD720088D3B00BED8C3 /* XYContainerView.h */ = {isa = PBXFileReference; lastKnownFileType = sourcecode.c.h; path = XYContainerView.h; sourceTree = "<group>"; };
		F900ECD820088D3B00BED8C3 /* XYContainerView.m */ = {isa = PBXFileReference; lastKnownFileType = sourcecode.c.objc; path = XYContainerView.m; sourceTree = "<group>"; };
		F900ECF520089BEB00BED8C3 /* CALayer+SHAddition.h */ = {isa = PBXFileReference; fileEncoding = 4; lastKnownFileType = sourcecode.c.h; path = "CALayer+SHAddition.h"; sourceTree = "<group>"; };
		F900ECF620089BEB00BED8C3 /* CALayer+SHAddition.m */ = {isa = PBXFileReference; fileEncoding = 4; lastKnownFileType = sourcecode.c.objc; path = "CALayer+SHAddition.m"; sourceTree = "<group>"; };
		F900ECF720089BEB00BED8C3 /* NSDataAdditions.h */ = {isa = PBXFileReference; fileEncoding = 4; lastKnownFileType = sourcecode.c.h; path = NSDataAdditions.h; sourceTree = "<group>"; };
		F900ECF820089BEB00BED8C3 /* NSDataAdditions.m */ = {isa = PBXFileReference; fileEncoding = 4; lastKnownFileType = sourcecode.c.objc; path = NSDataAdditions.m; sourceTree = "<group>"; };
		F900ECF920089BEB00BED8C3 /* NSDateAdditions.h */ = {isa = PBXFileReference; fileEncoding = 4; lastKnownFileType = sourcecode.c.h; path = NSDateAdditions.h; sourceTree = "<group>"; };
		F900ECFA20089BEB00BED8C3 /* NSDateAdditions.m */ = {isa = PBXFileReference; fileEncoding = 4; lastKnownFileType = sourcecode.c.objc; path = NSDateAdditions.m; sourceTree = "<group>"; };
		F900ECFB20089BEB00BED8C3 /* NSNumberFormatter+XXCurrency.h */ = {isa = PBXFileReference; fileEncoding = 4; lastKnownFileType = sourcecode.c.h; path = "NSNumberFormatter+XXCurrency.h"; sourceTree = "<group>"; };
		F900ECFC20089BEB00BED8C3 /* NSNumberFormatter+XXCurrency.m */ = {isa = PBXFileReference; fileEncoding = 4; lastKnownFileType = sourcecode.c.objc; path = "NSNumberFormatter+XXCurrency.m"; sourceTree = "<group>"; };
		F900ECFD20089BEB00BED8C3 /* NSStringAdditions.h */ = {isa = PBXFileReference; fileEncoding = 4; lastKnownFileType = sourcecode.c.h; path = NSStringAdditions.h; sourceTree = "<group>"; };
		F900ECFE20089BEB00BED8C3 /* NSStringAdditions.m */ = {isa = PBXFileReference; fileEncoding = 4; lastKnownFileType = sourcecode.c.objc; path = NSStringAdditions.m; sourceTree = "<group>"; };
		F900ECFF20089BEB00BED8C3 /* Three20.bundle */ = {isa = PBXFileReference; lastKnownFileType = "wrapper.plug-in"; path = Three20.bundle; sourceTree = "<group>"; };
		F900ED0020089BEB00BED8C3 /* TTCategoryHeader.h */ = {isa = PBXFileReference; fileEncoding = 4; lastKnownFileType = sourcecode.c.h; path = TTCategoryHeader.h; sourceTree = "<group>"; };
		F900ED0120089BEB00BED8C3 /* TTCorePreprocessorMacros.h */ = {isa = PBXFileReference; fileEncoding = 4; lastKnownFileType = sourcecode.c.h; path = TTCorePreprocessorMacros.h; sourceTree = "<group>"; };
		F900ED0220089BEB00BED8C3 /* TTGlobalCoreLocale.h */ = {isa = PBXFileReference; fileEncoding = 4; lastKnownFileType = sourcecode.c.h; path = TTGlobalCoreLocale.h; sourceTree = "<group>"; };
		F900ED0320089BEB00BED8C3 /* TTGlobalCoreLocale.m */ = {isa = PBXFileReference; fileEncoding = 4; lastKnownFileType = sourcecode.c.objc; path = TTGlobalCoreLocale.m; sourceTree = "<group>"; };
		F900ED0420089BEB00BED8C3 /* TTGlobalUICommon.h */ = {isa = PBXFileReference; fileEncoding = 4; lastKnownFileType = sourcecode.c.h; path = TTGlobalUICommon.h; sourceTree = "<group>"; };
		F900ED0520089BEB00BED8C3 /* TTGlobalUICommon.m */ = {isa = PBXFileReference; fileEncoding = 4; lastKnownFileType = sourcecode.c.objc; path = TTGlobalUICommon.m; sourceTree = "<group>"; };
		F900ED0620089BEB00BED8C3 /* UIFontAdditions.h */ = {isa = PBXFileReference; fileEncoding = 4; lastKnownFileType = sourcecode.c.h; path = UIFontAdditions.h; sourceTree = "<group>"; };
		F900ED0720089BEB00BED8C3 /* UIFontAdditions.m */ = {isa = PBXFileReference; fileEncoding = 4; lastKnownFileType = sourcecode.c.objc; path = UIFontAdditions.m; sourceTree = "<group>"; };
		F900ED0820089BEB00BED8C3 /* UIImageAdditions.h */ = {isa = PBXFileReference; fileEncoding = 4; lastKnownFileType = sourcecode.c.h; path = UIImageAdditions.h; sourceTree = "<group>"; };
		F900ED0920089BEB00BED8C3 /* UIImageAdditions.m */ = {isa = PBXFileReference; fileEncoding = 4; lastKnownFileType = sourcecode.c.objc; path = UIImageAdditions.m; sourceTree = "<group>"; };
		F900ED0A20089BEB00BED8C3 /* UIViewAdditions.h */ = {isa = PBXFileReference; fileEncoding = 4; lastKnownFileType = sourcecode.c.h; path = UIViewAdditions.h; sourceTree = "<group>"; };
		F900ED0B20089BEB00BED8C3 /* UIViewAdditions.m */ = {isa = PBXFileReference; fileEncoding = 4; lastKnownFileType = sourcecode.c.objc; path = UIViewAdditions.m; sourceTree = "<group>"; };
		F900ED0C20089BEB00BED8C3 /* UIWindowAdditions.h */ = {isa = PBXFileReference; fileEncoding = 4; lastKnownFileType = sourcecode.c.h; path = UIWindowAdditions.h; sourceTree = "<group>"; };
		F900ED0D20089BEB00BED8C3 /* UIWindowAdditions.m */ = {isa = PBXFileReference; fileEncoding = 4; lastKnownFileType = sourcecode.c.objc; path = UIWindowAdditions.m; sourceTree = "<group>"; };
		F900ED1B20089C1600BED8C3 /* Reveal.framework */ = {isa = PBXFileReference; lastKnownFileType = wrapper.framework; path = Reveal.framework; sourceTree = "<group>"; };
		F900ED1F2008C3BA00BED8C3 /* XXContainerView.h */ = {isa = PBXFileReference; lastKnownFileType = sourcecode.c.h; path = XXContainerView.h; sourceTree = "<group>"; };
		F900ED202008C3BA00BED8C3 /* XXContainerView.m */ = {isa = PBXFileReference; lastKnownFileType = sourcecode.c.objc; path = XXContainerView.m; sourceTree = "<group>"; };
		F900ED222008C40C00BED8C3 /* XXContainerBottomScrollView.h */ = {isa = PBXFileReference; lastKnownFileType = sourcecode.c.h; path = XXContainerBottomScrollView.h; sourceTree = "<group>"; };
		F900ED232008C40C00BED8C3 /* XXContainerBottomScrollView.m */ = {isa = PBXFileReference; lastKnownFileType = sourcecode.c.objc; path = XXContainerBottomScrollView.m; sourceTree = "<group>"; };
/* End PBXFileReference section */

/* Begin PBXFrameworksBuildPhase section */
		F900ECBB20088BDF00BED8C3 /* Frameworks */ = {
			isa = PBXFrameworksBuildPhase;
			buildActionMask = 2147483647;
			files = (
			);
			runOnlyForDeploymentPostprocessing = 0;
		};
/* End PBXFrameworksBuildPhase section */

/* Begin PBXGroup section */
		F900ECB520088BDF00BED8C3 = {
			isa = PBXGroup;
			children = (
				F900ECC020088BDF00BED8C3 /* XYContainerView */,
				F900ECBF20088BDF00BED8C3 /* Products */,
			);
			sourceTree = "<group>";
		};
		F900ECBF20088BDF00BED8C3 /* Products */ = {
			isa = PBXGroup;
			children = (
				F900ECBE20088BDF00BED8C3 /* XYContainerView.app */,
			);
			name = Products;
			sourceTree = "<group>";
		};
		F900ECC020088BDF00BED8C3 /* XYContainerView */ = {
			isa = PBXGroup;
			children = (
				F900ECC120088BDF00BED8C3 /* AppDelegate.h */,
				F900ECC220088BDF00BED8C3 /* AppDelegate.m */,
				F900ECC420088BDF00BED8C3 /* ViewController.h */,
				F900ECC520088BDF00BED8C3 /* ViewController.m */,
				F900ED1E2008C3A600BED8C3 /* XXContainerView */,
				F900ED1D2008C38600BED8C3 /* XYContainerView */,
				F900ECC720088BDF00BED8C3 /* Main.storyboard */,
				F900ECCA20088BDF00BED8C3 /* Assets.xcassets */,
				F900ED1B20089C1600BED8C3 /* Reveal.framework */,
				F900ECF420089BEB00BED8C3 /* 320Categories */,
				F900ECCC20088BDF00BED8C3 /* LaunchScreen.storyboard */,
				F900ECCF20088BDF00BED8C3 /* Info.plist */,
				F900ECD020088BDF00BED8C3 /* main.m */,
			);
			path = XYContainerView;
			sourceTree = "<group>";
		};
		F900ECF420089BEB00BED8C3 /* 320Categories */ = {
			isa = PBXGroup;
			children = (
				F900ECF520089BEB00BED8C3 /* CALayer+SHAddition.h */,
				F900ECF620089BEB00BED8C3 /* CALayer+SHAddition.m */,
				F900ECF720089BEB00BED8C3 /* NSDataAdditions.h */,
				F900ECF820089BEB00BED8C3 /* NSDataAdditions.m */,
				F900ECF920089BEB00BED8C3 /* NSDateAdditions.h */,
				F900ECFA20089BEB00BED8C3 /* NSDateAdditions.m */,
				F900ECFB20089BEB00BED8C3 /* NSNumberFormatter+XXCurrency.h */,
				F900ECFC20089BEB00BED8C3 /* NSNumberFormatter+XXCurrency.m */,
				F900ECFD20089BEB00BED8C3 /* NSStringAdditions.h */,
				F900ECFE20089BEB00BED8C3 /* NSStringAdditions.m */,
				F900ECFF20089BEB00BED8C3 /* Three20.bundle */,
				F900ED0020089BEB00BED8C3 /* TTCategoryHeader.h */,
				F900ED0120089BEB00BED8C3 /* TTCorePreprocessorMacros.h */,
				F900ED0220089BEB00BED8C3 /* TTGlobalCoreLocale.h */,
				F900ED0320089BEB00BED8C3 /* TTGlobalCoreLocale.m */,
				F900ED0420089BEB00BED8C3 /* TTGlobalUICommon.h */,
				F900ED0520089BEB00BED8C3 /* TTGlobalUICommon.m */,
				F900ED0620089BEB00BED8C3 /* UIFontAdditions.h */,
				F900ED0720089BEB00BED8C3 /* UIFontAdditions.m */,
				F900ED0820089BEB00BED8C3 /* UIImageAdditions.h */,
				F900ED0920089BEB00BED8C3 /* UIImageAdditions.m */,
				F900ED0A20089BEB00BED8C3 /* UIViewAdditions.h */,
				F900ED0B20089BEB00BED8C3 /* UIViewAdditions.m */,
				F900ED0C20089BEB00BED8C3 /* UIWindowAdditions.h */,
				F900ED0D20089BEB00BED8C3 /* UIWindowAdditions.m */,
			);
			path = 320Categories;
			sourceTree = "<group>";
		};
		F900ED1D2008C38600BED8C3 /* XYContainerView */ = {
			isa = PBXGroup;
			children = (
				F900ECD720088D3B00BED8C3 /* XYContainerView.h */,
				F900ECD820088D3B00BED8C3 /* XYContainerView.m */,
			);
			path = XYContainerView;
			sourceTree = "<group>";
		};
		F900ED1E2008C3A600BED8C3 /* XXContainerView */ = {
			isa = PBXGroup;
			children = (
				F900ED1F2008C3BA00BED8C3 /* XXContainerView.h */,
				F900ED202008C3BA00BED8C3 /* XXContainerView.m */,
				F900ED222008C40C00BED8C3 /* XXContainerBottomScrollView.h */,
				F900ED232008C40C00BED8C3 /* XXContainerBottomScrollView.m */,
			);
			path = XXContainerView;
			sourceTree = "<group>";
		};
/* End PBXGroup section */

/* Begin PBXNativeTarget section */
		F900ECBD20088BDF00BED8C3 /* XYContainerView */ = {
			isa = PBXNativeTarget;
			buildConfigurationList = F900ECD420088BDF00BED8C3 /* Build configuration list for PBXNativeTarget "XYContainerView" */;
			buildPhases = (
				F900ECBA20088BDF00BED8C3 /* Sources */,
				F900ECBB20088BDF00BED8C3 /* Frameworks */,
				F900ECBC20088BDF00BED8C3 /* Resources */,
			);
			buildRules = (
			);
			dependencies = (
			);
			name = XYContainerView;
			productName = XYContainerView;
			productReference = F900ECBE20088BDF00BED8C3 /* XYContainerView.app */;
			productType = "com.apple.product-type.application";
		};
/* End PBXNativeTarget section */

/* Begin PBXProject section */
		F900ECB620088BDF00BED8C3 /* Project object */ = {
			isa = PBXProject;
			attributes = {
				LastUpgradeCheck = 0900;
				ORGANIZATIONNAME = XXT;
				TargetAttributes = {
					F900ECBD20088BDF00BED8C3 = {
						CreatedOnToolsVersion = 9.0;
						ProvisioningStyle = Manual;
					};
				};
			};
			buildConfigurationList = F900ECB920088BDF00BED8C3 /* Build configuration list for PBXProject "XYContainerView" */;
			compatibilityVersion = "Xcode 8.0";
			developmentRegion = en;
			hasScannedForEncodings = 0;
			knownRegions = (
				en,
				Base,
			);
			mainGroup = F900ECB520088BDF00BED8C3;
			productRefGroup = F900ECBF20088BDF00BED8C3 /* Products */;
			projectDirPath = "";
			projectRoot = "";
			targets = (
				F900ECBD20088BDF00BED8C3 /* XYContainerView */,
			);
		};
/* End PBXProject section */

/* Begin PBXResourcesBuildPhase section */
		F900ECBC20088BDF00BED8C3 /* Resources */ = {
			isa = PBXResourcesBuildPhase;
			buildActionMask = 2147483647;
			files = (
				F900ED1320089BEB00BED8C3 /* Three20.bundle in Resources */,
				F900ECCE20088BDF00BED8C3 /* LaunchScreen.storyboard in Resources */,
				F900ECCB20088BDF00BED8C3 /* Assets.xcassets in Resources */,
				F900ECC920088BDF00BED8C3 /* Main.storyboard in Resources */,
			);
			runOnlyForDeploymentPostprocessing = 0;
		};
/* End PBXResourcesBuildPhase section */

/* Begin PBXSourcesBuildPhase section */
		F900ECBA20088BDF00BED8C3 /* Sources */ = {
			isa = PBXSourcesBuildPhase;
			buildActionMask = 2147483647;
			files = (
				F900ED1620089BEB00BED8C3 /* UIFontAdditions.m in Sources */,
				F900ED0F20089BEB00BED8C3 /* NSDataAdditions.m in Sources */,
				F900ED1820089BEB00BED8C3 /* UIViewAdditions.m in Sources */,
				F900ED1020089BEB00BED8C3 /* NSDateAdditions.m in Sources */,
				F900ECC620088BDF00BED8C3 /* ViewController.m in Sources */,
				F900ED1220089BEB00BED8C3 /* NSStringAdditions.m in Sources */,
				F900ED1520089BEB00BED8C3 /* TTGlobalUICommon.m in Sources */,
				F900ED0E20089BEB00BED8C3 /* CALayer+SHAddition.m in Sources */,
				F900ECD120088BDF00BED8C3 /* main.m in Sources */,
				F900ED1120089BEB00BED8C3 /* NSNumberFormatter+XXCurrency.m in Sources */,
				F900ED212008C3BA00BED8C3 /* XXContainerView.m in Sources */,
				F900ED242008C40C00BED8C3 /* XXContainerBottomScrollView.m in Sources */,
				F900ED1420089BEB00BED8C3 /* TTGlobalCoreLocale.m in Sources */,
				F900ECC320088BDF00BED8C3 /* AppDelegate.m in Sources */,
				F900ED1720089BEB00BED8C3 /* UIImageAdditions.m in Sources */,
				F900ED1920089BEB00BED8C3 /* UIWindowAdditions.m in Sources */,
				F900ECD920088D3B00BED8C3 /* XYContainerView.m in Sources */,
			);
			runOnlyForDeploymentPostprocessing = 0;
		};
/* End PBXSourcesBuildPhase section */

/* Begin PBXVariantGroup section */
		F900ECC720088BDF00BED8C3 /* Main.storyboard */ = {
			isa = PBXVariantGroup;
			children = (
				F900ECC820088BDF00BED8C3 /* Base */,
			);
			name = Main.storyboard;
			sourceTree = "<group>";
		};
		F900ECCC20088BDF00BED8C3 /* LaunchScreen.storyboard */ = {
			isa = PBXVariantGroup;
			children = (
				F900ECCD20088BDF00BED8C3 /* Base */,
			);
			name = LaunchScreen.storyboard;
			sourceTree = "<group>";
		};
/* End PBXVariantGroup section */

/* Begin XCBuildConfiguration section */
		F900ECD220088BDF00BED8C3 /* Debug */ = {
			isa = XCBuildConfiguration;
			buildSettings = {
				ALWAYS_SEARCH_USER_PATHS = NO;
				CLANG_ANALYZER_NONNULL = YES;
				CLANG_ANALYZER_NUMBER_OBJECT_CONVERSION = YES_AGGRESSIVE;
				CLANG_CXX_LANGUAGE_STANDARD = "gnu++14";
				CLANG_CXX_LIBRARY = "libc++";
				CLANG_ENABLE_MODULES = YES;
				CLANG_ENABLE_OBJC_ARC = YES;
				CLANG_WARN_BLOCK_CAPTURE_AUTORELEASING = YES;
				CLANG_WARN_BOOL_CONVERSION = YES;
				CLANG_WARN_COMMA = YES;
				CLANG_WARN_CONSTANT_CONVERSION = YES;
				CLANG_WARN_DIRECT_OBJC_ISA_USAGE = YES_ERROR;
				CLANG_WARN_DOCUMENTATION_COMMENTS = YES;
				CLANG_WARN_EMPTY_BODY = YES;
				CLANG_WARN_ENUM_CONVERSION = YES;
				CLANG_WARN_INFINITE_RECURSION = YES;
				CLANG_WARN_INT_CONVERSION = YES;
				CLANG_WARN_NON_LITERAL_NULL_CONVERSION = YES;
				CLANG_WARN_OBJC_LITERAL_CONVERSION = YES;
				CLANG_WARN_OBJC_ROOT_CLASS = YES_ERROR;
				CLANG_WARN_RANGE_LOOP_ANALYSIS = YES;
				CLANG_WARN_STRICT_PROTOTYPES = YES;
				CLANG_WARN_SUSPICIOUS_MOVE = YES;
				CLANG_WARN_UNGUARDED_AVAILABILITY = YES_AGGRESSIVE;
				CLANG_WARN_UNREACHABLE_CODE = YES;
				CLANG_WARN__DUPLICATE_METHOD_MATCH = YES;
				CODE_SIGN_IDENTITY = "iPhone Developer";
				COPY_PHASE_STRIP = NO;
				DEBUG_INFORMATION_FORMAT = dwarf;
				ENABLE_STRICT_OBJC_MSGSEND = YES;
				ENABLE_TESTABILITY = YES;
				GCC_C_LANGUAGE_STANDARD = gnu11;
				GCC_DYNAMIC_NO_PIC = NO;
				GCC_NO_COMMON_BLOCKS = YES;
				GCC_OPTIMIZATION_LEVEL = 0;
				GCC_PREPROCESSOR_DEFINITIONS = (
					"DEBUG=1",
					"$(inherited)",
				);
				GCC_WARN_64_TO_32_BIT_CONVERSION = YES;
				GCC_WARN_ABOUT_RETURN_TYPE = YES_ERROR;
				GCC_WARN_UNDECLARED_SELECTOR = YES;
				GCC_WARN_UNINITIALIZED_AUTOS = YES_AGGRESSIVE;
				GCC_WARN_UNUSED_FUNCTION = YES;
				GCC_WARN_UNUSED_VARIABLE = YES;
				IPHONEOS_DEPLOYMENT_TARGET = 11.0;
				MTL_ENABLE_DEBUG_INFO = YES;
				ONLY_ACTIVE_ARCH = YES;
				SDKROOT = iphoneos;
			};
			name = Debug;
		};
		F900ECD320088BDF00BED8C3 /* Release */ = {
			isa = XCBuildConfiguration;
			buildSettings = {
				ALWAYS_SEARCH_USER_PATHS = NO;
				CLANG_ANALYZER_NONNULL = YES;
				CLANG_ANALYZER_NUMBER_OBJECT_CONVERSION = YES_AGGRESSIVE;
				CLANG_CXX_LANGUAGE_STANDARD = "gnu++14";
				CLANG_CXX_LIBRARY = "libc++";
				CLANG_ENABLE_MODULES = YES;
				CLANG_ENABLE_OBJC_ARC = YES;
				CLANG_WARN_BLOCK_CAPTURE_AUTORELEASING = YES;
				CLANG_WARN_BOOL_CONVERSION = YES;
				CLANG_WARN_COMMA = YES;
				CLANG_WARN_CONSTANT_CONVERSION = YES;
				CLANG_WARN_DIRECT_OBJC_ISA_USAGE = YES_ERROR;
				CLANG_WARN_DOCUMENTATION_COMMENTS = YES;
				CLANG_WARN_EMPTY_BODY = YES;
				CLANG_WARN_ENUM_CONVERSION = YES;
				CLANG_WARN_INFINITE_RECURSION = YES;
				CLANG_WARN_INT_CONVERSION = YES;
				CLANG_WARN_NON_LITERAL_NULL_CONVERSION = YES;
				CLANG_WARN_OBJC_LITERAL_CONVERSION = YES;
				CLANG_WARN_OBJC_ROOT_CLASS = YES_ERROR;
				CLANG_WARN_RANGE_LOOP_ANALYSIS = YES;
				CLANG_WARN_STRICT_PROTOTYPES = YES;
				CLANG_WARN_SUSPICIOUS_MOVE = YES;
				CLANG_WARN_UNGUARDED_AVAILABILITY = YES_AGGRESSIVE;
				CLANG_WARN_UNREACHABLE_CODE = YES;
				CLANG_WARN__DUPLICATE_METHOD_MATCH = YES;
				CODE_SIGN_IDENTITY = "iPhone Developer";
				COPY_PHASE_STRIP = NO;
				DEBUG_INFORMATION_FORMAT = "dwarf-with-dsym";
				ENABLE_NS_ASSERTIONS = NO;
				ENABLE_STRICT_OBJC_MSGSEND = YES;
				GCC_C_LANGUAGE_STANDARD = gnu11;
				GCC_NO_COMMON_BLOCKS = YES;
				GCC_WARN_64_TO_32_BIT_CONVERSION = YES;
				GCC_WARN_ABOUT_RETURN_TYPE = YES_ERROR;
				GCC_WARN_UNDECLARED_SELECTOR = YES;
				GCC_WARN_UNINITIALIZED_AUTOS = YES_AGGRESSIVE;
				GCC_WARN_UNUSED_FUNCTION = YES;
				GCC_WARN_UNUSED_VARIABLE = YES;
				IPHONEOS_DEPLOYMENT_TARGET = 11.0;
				MTL_ENABLE_DEBUG_INFO = NO;
				SDKROOT = iphoneos;
				VALIDATE_PRODUCT = YES;
			};
			name = Release;
		};
		F900ECD520088BDF00BED8C3 /* Debug */ = {
			isa = XCBuildConfiguration;
			buildSettings = {
				ASSETCATALOG_COMPILER_APPICON_NAME = AppIcon;
				CODE_SIGN_STYLE = Manual;
				DEVELOPMENT_TEAM = 8J7J723R9J;
				FRAMEWORK_SEARCH_PATHS = (
					"$(inherited)",
					"$(PROJECT_DIR)/XYContainerView",
				);
				INFOPLIST_FILE = XYContainerView/Info.plist;
				IPHONEOS_DEPLOYMENT_TARGET = 9.0;
				LD_RUNPATH_SEARCH_PATHS = "$(inherited) @executable_path/Frameworks";
				OTHER_LDFLAGS = (
					"-ObjC",
					"-lz",
					"-framework",
					Reveal,
				);
				PRODUCT_BUNDLE_IDENTIFIER = com.colorsaga.develop;
				PRODUCT_NAME = "$(TARGET_NAME)";
				PROVISIONING_PROFILE = "bdb35169-eadf-44f4-bb4d-556393084a45";
				PROVISIONING_PROFILE_SPECIFIER = com.colorsaga.develop_developCert;
				TARGETED_DEVICE_FAMILY = "1,2";
			};
			name = Debug;
		};
		F900ECD620088BDF00BED8C3 /* Release */ = {
			isa = XCBuildConfiguration;
			buildSettings = {
				ASSETCATALOG_COMPILER_APPICON_NAME = AppIcon;
				CODE_SIGN_STYLE = Manual;
				DEVELOPMENT_TEAM = "";
				FRAMEWORK_SEARCH_PATHS = (
					"$(inherited)",
					"$(PROJECT_DIR)/XYContainerView",
				);
				INFOPLIST_FILE = XYContainerView/Info.plist;
				IPHONEOS_DEPLOYMENT_TARGET = 9.0;
				LD_RUNPATH_SEARCH_PATHS = "$(inherited) @executable_path/Frameworks";
				PRODUCT_BUNDLE_IDENTIFIER = com.colorsaga.develop;
				PRODUCT_NAME = "$(TARGET_NAME)";
				PROVISIONING_PROFILE_SPECIFIER = "";
				TARGETED_DEVICE_FAMILY = "1,2";
			};
			name = Release;
		};
/* End XCBuildConfiguration section */

/* Begin XCConfigurationList section */
		F900ECB920088BDF00BED8C3 /* Build configuration list for PBXProject "XYContainerView" */ = {
			isa = XCConfigurationList;
			buildConfigurations = (
				F900ECD220088BDF00BED8C3 /* Debug */,
				F900ECD320088BDF00BED8C3 /* Release */,
			);
			defaultConfigurationIsVisible = 0;
			defaultConfigurationName = Release;
		};
		F900ECD420088BDF00BED8C3 /* Build configuration list for PBXNativeTarget "XYContainerView" */ = {
			isa = XCConfigurationList;
			buildConfigurations = (
				F900ECD520088BDF00BED8C3 /* Debug */,
				F900ECD620088BDF00BED8C3 /* Release */,
			);
			defaultConfigurationIsVisible = 0;
			defaultConfigurationName = Release;
		};
/* End XCConfigurationList section */
	};
	rootObject = F900ECB620088BDF00BED8C3 /* Project object */;
}
